
Microsoft Visual Studio Solution File, Format Version 11.00
# Visual Studio 2010
Project("{FAE04EC0-301F-11D3-BF4B-00C04F79EFBC}") = "Procedural-Generation-Terrain", "Assembly-CSharp.csproj", "{1440E784-B540-3232-CC60-3C4AEBD87B8F}"
EndProject
Project("{FAE04EC0-301F-11D3-BF4B-00C04F79EFBC}") = "Procedural-Generation-Terrain", "Assembly-CSharp-Editor.csproj", "{3F20AF19-767E-33AA-6956-09D21C87ADBB}"
EndProject
Global
	GlobalSection(SolutionConfigurationPlatforms) = preSolution
		Debug|Any CPU = Debug|Any CPU
		Release|Any CPU = Release|Any CPU
	EndGlobalSection
	GlobalSection(ProjectConfigurationPlatforms) = postSolution
		{1440E784-B540-3232-CC60-3C4AEBD87B8F}.Debug|Any CPU.ActiveCfg = Debug|Any CPU
		{1440E784-B540-3232-CC60-3C4AEBD87B8F}.Debug|Any CPU.Build.0 = Debug|Any CPU
		{1440E784-B540-3232-CC60-3C4AEBD87B8F}.Release|Any CPU.ActiveCfg = Release|Any CPU
		{1440E784-B540-3232-CC60-3C4AEBD87B8F}.Release|Any CPU.Build.0 = Release|Any CPU
		{3F20AF19-767E-33AA-6956-09D21C87ADBB}.Debug|Any CPU.ActiveCfg = Debug|Any CPU
		{3F20AF19-767E-33AA-6956-09D21C87ADBB}.Debug|Any CPU.Build.0 = Debug|Any CPU
		{3F20AF19-767E-33AA-6956-09D21C87ADBB}.Release|Any CPU.ActiveCfg = Release|Any CPU
		{3F20AF19-767E-33AA-6956-09D21C87ADBB}.Release|Any CPU.Build.0 = Release|Any CPU
	EndGlobalSection
	GlobalSection(SolutionProperties) = preSolution
		HideSolutionNode = FALSE
	EndGlobalSection
	GlobalSection(MonoDevelopProperties) = preSolution
		StartupItem = Assembly-CSharp.csproj
	EndGlobalSection
EndGlobal
